
Microsoft Visual Studio Solution File, Format Version 12.00
# Visual Studio Version 16
VisualStudioVersion = 16.0.31729.503
MinimumVisualStudioVersion = 10.0.40219.1
Project("{9A19103F-16F7-4668-BE54-9A1E7A4F7556}") = "BasicsOOP", "BasicsOOP\BasicsOOP.csproj", "{A44014B1-2490-4573-8210-6507CA123D83}"
EndProject
Project("{FAE04EC0-301F-11D3-BF4B-00C04F79EFBC}") = "Buildings", "Buildings\Buildings.csproj", "{F549B9B9-BB24-48F1-9BDC-7ED651F30568}"
EndProject
Global
	GlobalSection(SolutionConfigurationPlatforms) = preSolution
		Debug|Any CPU = Debug|Any CPU
		Release|Any CPU = Release|Any CPU
	EndGlobalSection
	GlobalSection(ProjectConfigurationPlatforms) = postSolution
		{A44014B1-2490-4573-8210-6507CA123D83}.Debug|Any CPU.ActiveCfg = Debug|Any CPU
		{A44014B1-2490-4573-8210-6507CA123D83}.Debug|Any CPU.Build.0 = Debug|Any CPU
		{A44014B1-2490-4573-8210-6507CA123D83}.Release|Any CPU.ActiveCfg = Release|Any CPU
		{A44014B1-2490-4573-8210-6507CA123D83}.Release|Any CPU.Build.0 = Release|Any CPU
		{F549B9B9-BB24-48F1-9BDC-7ED651F30568}.Debug|Any CPU.ActiveCfg = Debug|Any CPU
		{F549B9B9-BB24-48F1-9BDC-7ED651F30568}.Debug|Any CPU.Build.0 = Debug|Any CPU
		{F549B9B9-BB24-48F1-9BDC-7ED651F30568}.Release|Any CPU.ActiveCfg = Release|Any CPU
		{F549B9B9-BB24-48F1-9BDC-7ED651F30568}.Release|Any CPU.Build.0 = Release|Any CPU
	EndGlobalSection
	GlobalSection(SolutionProperties) = preSolution
		HideSolutionNode = FALSE
	EndGlobalSection
	GlobalSection(ExtensibilityGlobals) = postSolution
		SolutionGuid = {BA8D45E0-BF6C-49D0-AB94-C055CA57EC8B}
	EndGlobalSection
EndGlobal
